Microsoft Visual Studio Solution File, Format Version 12.00
# Visual Studio Version 16
VisualStudioVersion = 16.0.30002.166
MinimumVisualStudioVersion = 10.0.40219.1
Project("{2150E333-8FDC-42A3-9474-1A3956D46DE8}") = "Basic", "Basic", "{22F47278-5B68-43EE-8296-F1B462D51FDE}"
EndProject
Project("{2150E333-8FDC-42A3-9474-1A3956D46DE8}") = "Zoo", "Zoo", "{6CDA55EA-2D69-4A51-8077-6844F19EE426}"
EndProject
Project("{2150E333-8FDC-42A3-9474-1A3956D46DE8}") = "Store", "Store", "{A09E902F-2066-4062-9048-83EBFFF804BE}"
EndProject
Project("{2150E333-8FDC-42A3-9474-1A3956D46DE8}") = "CashMachine", "CashMachine", "{327B4F79-0111-4AFA-988F-3AFACB63F1B2}"
EndProject
Project("{2150E333-8FDC-42A3-9474-1A3956D46DE8}") = "StoreCashBoxes", "StoreCashBoxes", "{2B7F07B0-7646-4AC9-AD44-D3C6EC5096DC}"
EndProject
Project("{2150E333-8FDC-42A3-9474-1A3956D46DE8}") = "FitnessTracker", "FitnessTracker", "{524FF4D6-CF55-4EE7-8ACF-D441A97BA46C}"
EndProject
Project("{2150E333-8FDC-42A3-9474-1A3956D46DE8}") = "EmailApp", "EmailApp", "{23C100F1-CA5E-4140-A151-EEB88EEE8088}"
EndProject
Project("{FAE04EC0-301F-11D3-BF4B-00C04F79EFBC}") = "App", "src\EmailApp\App\App.csproj", "{55DF6F02-074F-47AD-949C-E826AA9A2194}"
EndProject
Project("{FAE04EC0-301F-11D3-BF4B-00C04F79EFBC}") = "Core", "src\EmailApp\Core\Core.csproj", "{780EFE28-1BAB-4213-AFBF-F85E25C3BD69}"
EndProject
Project("{FAE04EC0-301F-11D3-BF4B-00C04F79EFBC}") = "EmailAppTests", "tests\EmailAppTests\EmailAppTests.csproj", "{3F4481E8-5537-4725-A9EF-6403EBCAC1B9}"
EndProject
Project("{9344BDBB-3E7F-41FC-A0DD-8665D75EE146}") = "SimpleCalc", "src\SimpleCalc\SimpleCalc.csproj", "{C9E4E71C-354B-4A95-A5F5-0E7698EA476A}"
EndProject
Project("{9344BDBB-3E7F-41FC-A0DD-8665D75EE146}") = "SimpleCalendar", "src\SimpleCalendar\SimpleCalendar.csproj", "{66D5B4EE-FD5B-4D1E-90F2-9B97F9AD4EBE}"
EndProject
Project("{9344BDBB-3E7F-41FC-A0DD-8665D75EE146}") = "HelloWorld", "src\HelloWorld\HelloWorld.csproj", "{64AA5951-60C5-42D1-8A52-94F5CC91B6D1}"
EndProject
Project("{9344BDBB-3E7F-41FC-A0DD-8665D75EE146}") = "SimpleZoo", "src\SimpleZoo\SimpleZoo\SimpleZoo.csproj", "{5387236D-436B-4DDA-80A2-25BBA706D15E}"
EndProject
Project("{9344BDBB-3E7F-41FC-A0DD-8665D75EE146}") = "SimpleZooApp", "src\SimpleZoo\SimpleZooApp\SimpleZooApp.csproj", "{4EC4E74A-6768-468D-BC92-9552B0A09C9B}"
EndProject
Project("{9344BDBB-3E7F-41FC-A0DD-8665D75EE146}") = "SimpleZooTests", "tests\SimpleZooTests\SimpleZooTests.csproj", "{E57AD5C8-F8BB-430C-B679-7768670F039F}"
EndProject
Project("{9344BDBB-3E7F-41FC-A0DD-8665D75EE146}") = "SimpleStore", "src\SimpleStore\SimpleStore\SimpleStore.csproj", "{6FA0A0AF-8A32-46F2-8AC0-7A92BDADC864}"
EndProject
Project("{9344BDBB-3E7F-41FC-A0DD-8665D75EE146}") = "SimpleStoreApp", "src\SimpleStore\SimpleStoreApp\SimpleStoreApp.csproj", "{1891F8D4-CF18-4895-B374-0C4115C238F1}"
EndProject
Project("{9344BDBB-3E7F-41FC-A0DD-8665D75EE146}") = "SimpleStoreTests", "tests\SimpleStoreTests\SimpleStoreTests.csproj", "{CB73420B-FC3F-4C52-BF78-A9B4EA2BAC96}"
EndProject
Project("{9344BDBB-3E7F-41FC-A0DD-8665D75EE146}") = "SimpleCashMachineApp", "src\SimpleCashMachine\SimpleCashMachineApp\SimpleCashMachineApp.csproj", "{7C2A4A99-DA36-47AA-845B-EDFED70C79F0}"
EndProject
Project("{9344BDBB-3E7F-41FC-A0DD-8665D75EE146}") = "SimpleCashMachine", "src\SimpleCashMachine\SimpleCashMachine\SimpleCashMachine.csproj", "{C6AAC49B-2A96-4C2C-89B5-F8EFCD5FD2BF}"
EndProject
Project("{9344BDBB-3E7F-41FC-A0DD-8665D75EE146}") = "SimpleCashMachineTests", "tests\SimpleCashMachineTests\SimpleCashMachineTests.csproj", "{5C72D8B0-E10C-473D-93A5-5CFC924908A9}"
EndProject
Project("{FAE04EC0-301F-11D3-BF4B-00C04F79EFBC}") = "StoreCashBoxesTests", "tests\StoreCashBoxesTests\StoreCashBoxesTests.csproj", "{76C258EC-6F09-4E94-9BBE-3EA4EC175C87}"
EndProject
Project("{FAE04EC0-301F-11D3-BF4B-00C04F79EFBC}") = "StoreCashBoxesApp", "src\StoreCashBoxes\StoreCashBoxesApp\StoreCashBoxesApp.csproj", "{30332574-D1E3-4D9E-A520-412784902B4B}"
EndProject
Project("{FAE04EC0-301F-11D3-BF4B-00C04F79EFBC}") = "StoreCashBoxes", "src\StoreCashBoxes\StoreCashBoxes\StoreCashBoxes.csproj", "{F370E6FC-5D21-417A-8AA3-53A0E86A266A}"
EndProject
Project("{9344BDBB-3E7F-41FC-A0DD-8665D75EE146}") = "FitnessTrackerApp", "src\FitnessTracker\FitnessTrackerApp\FitnessTrackerApp.csproj", "{250E03FF-BF05-406B-A5B7-E43043CA81A7}"
EndProject
Project("{9344BDBB-3E7F-41FC-A0DD-8665D75EE146}") = "FitnessTracker", "src\FitnessTracker\FintessTracker\FitnessTracker.csproj", "{40C8EB5C-3343-4D92-9EB6-8C815A5BEACE}"
EndProject
Project("{9344BDBB-3E7F-41FC-A0DD-8665D75EE146}") = "FitnessTrackerTests", "tests\FitnessTrackerTests\FitnessTrackerTests.csproj", "{EA5E6B56-77FA-4C05-B669-641E97AD4C7A}"
EndProject
Global
	GlobalSection(SolutionConfigurationPlatforms) = preSolution
		Debug|anycpu = Debug|anycpu
		Release|anycpu = Release|anycpu
	EndGlobalSection
	GlobalSection(ProjectConfigurationPlatforms) = postSolution
		{55DF6F02-074F-47AD-949C-E826AA9A2194}.Debug|anycpu.ActiveCfg = Debug|Any CPU
		{55DF6F02-074F-47AD-949C-E826AA9A2194}.Debug|anycpu.Build.0 = Debug|Any CPU
		{55DF6F02-074F-47AD-949C-E826AA9A2194}.Release|anycpu.ActiveCfg = Release|Any CPU
		{55DF6F02-074F-47AD-949C-E826AA9A2194}.Release|anycpu.Build.0 = Release|Any CPU
		{780EFE28-1BAB-4213-AFBF-F85E25C3BD69}.Debug|anycpu.ActiveCfg = Debug|Any CPU
		{780EFE28-1BAB-4213-AFBF-F85E25C3BD69}.Debug|anycpu.Build.0 = Debug|Any CPU
		{780EFE28-1BAB-4213-AFBF-F85E25C3BD69}.Release|anycpu.ActiveCfg = Release|Any CPU
		{780EFE28-1BAB-4213-AFBF-F85E25C3BD69}.Release|anycpu.Build.0 = Release|Any CPU
		{3F4481E8-5537-4725-A9EF-6403EBCAC1B9}.Debug|anycpu.ActiveCfg = Debug|Any CPU
		{3F4481E8-5537-4725-A9EF-6403EBCAC1B9}.Debug|anycpu.Build.0 = Debug|Any CPU
		{3F4481E8-5537-4725-A9EF-6403EBCAC1B9}.Release|anycpu.ActiveCfg = Release|Any CPU
		{3F4481E8-5537-4725-A9EF-6403EBCAC1B9}.Release|anycpu.Build.0 = Release|Any CPU
		{C9E4E71C-354B-4A95-A5F5-0E7698EA476A}.Debug|anycpu.ActiveCfg = Debug|Any CPU
		{C9E4E71C-354B-4A95-A5F5-0E7698EA476A}.Debug|anycpu.Build.0 = Debug|Any CPU
		{C9E4E71C-354B-4A95-A5F5-0E7698EA476A}.Release|anycpu.ActiveCfg = Release|Any CPU
		{C9E4E71C-354B-4A95-A5F5-0E7698EA476A}.Release|anycpu.Build.0 = Release|Any CPU
		{66D5B4EE-FD5B-4D1E-90F2-9B97F9AD4EBE}.Debug|anycpu.ActiveCfg = Debug|Any CPU
		{66D5B4EE-FD5B-4D1E-90F2-9B97F9AD4EBE}.Debug|anycpu.Build.0 = Debug|Any CPU
		{66D5B4EE-FD5B-4D1E-90F2-9B97F9AD4EBE}.Release|anycpu.ActiveCfg = Release|Any CPU
		{66D5B4EE-FD5B-4D1E-90F2-9B97F9AD4EBE}.Release|anycpu.Build.0 = Release|Any CPU
		{64AA5951-60C5-42D1-8A52-94F5CC91B6D1}.Debug|anycpu.ActiveCfg = Debug|Any CPU
		{64AA5951-60C5-42D1-8A52-94F5CC91B6D1}.Debug|anycpu.Build.0 = Debug|Any CPU
		{64AA5951-60C5-42D1-8A52-94F5CC91B6D1}.Release|anycpu.ActiveCfg = Release|Any CPU
		{64AA5951-60C5-42D1-8A52-94F5CC91B6D1}.Release|anycpu.Build.0 = Release|Any CPU
		{5387236D-436B-4DDA-80A2-25BBA706D15E}.Debug|anycpu.ActiveCfg = Debug|Any CPU
		{5387236D-436B-4DDA-80A2-25BBA706D15E}.Debug|anycpu.Build.0 = Debug|Any CPU
		{5387236D-436B-4DDA-80A2-25BBA706D15E}.Release|anycpu.ActiveCfg = Release|Any CPU
		{5387236D-436B-4DDA-80A2-25BBA706D15E}.Release|anycpu.Build.0 = Release|Any CPU
		{4EC4E74A-6768-468D-BC92-9552B0A09C9B}.Debug|anycpu.ActiveCfg = Debug|Any CPU
		{4EC4E74A-6768-468D-BC92-9552B0A09C9B}.Debug|anycpu.Build.0 = Debug|Any CPU
		{4EC4E74A-6768-468D-BC92-9552B0A09C9B}.Release|anycpu.ActiveCfg = Release|Any CPU
		{4EC4E74A-6768-468D-BC92-9552B0A09C9B}.Release|anycpu.Build.0 = Release|Any CPU
		{E57AD5C8-F8BB-430C-B679-7768670F039F}.Debug|anycpu.ActiveCfg = Debug|Any CPU
		{E57AD5C8-F8BB-430C-B679-7768670F039F}.Debug|anycpu.Build.0 = Debug|Any CPU
		{E57AD5C8-F8BB-430C-B679-7768670F039F}.Release|anycpu.ActiveCfg = Release|Any CPU
		{E57AD5C8-F8BB-430C-B679-7768670F039F}.Release|anycpu.Build.0 = Release|Any CPU
		{6FA0A0AF-8A32-46F2-8AC0-7A92BDADC864}.Debug|anycpu.ActiveCfg = Debug|Any CPU
		{6FA0A0AF-8A32-46F2-8AC0-7A92BDADC864}.Debug|anycpu.Build.0 = Debug|Any CPU
		{6FA0A0AF-8A32-46F2-8AC0-7A92BDADC864}.Release|anycpu.ActiveCfg = Release|Any CPU
		{6FA0A0AF-8A32-46F2-8AC0-7A92BDADC864}.Release|anycpu.Build.0 = Release|Any CPU
		{1891F8D4-CF18-4895-B374-0C4115C238F1}.Debug|anycpu.ActiveCfg = Debug|Any CPU
		{1891F8D4-CF18-4895-B374-0C4115C238F1}.Debug|anycpu.Build.0 = Debug|Any CPU
		{1891F8D4-CF18-4895-B374-0C4115C238F1}.Release|anycpu.ActiveCfg = Release|Any CPU
		{1891F8D4-CF18-4895-B374-0C4115C238F1}.Release|anycpu.Build.0 = Release|Any CPU
		{CB73420B-FC3F-4C52-BF78-A9B4EA2BAC96}.Debug|anycpu.ActiveCfg = Debug|Any CPU
		{CB73420B-FC3F-4C52-BF78-A9B4EA2BAC96}.Debug|anycpu.Build.0 = Debug|Any CPU
		{CB73420B-FC3F-4C52-BF78-A9B4EA2BAC96}.Release|anycpu.ActiveCfg = Release|Any CPU
		{CB73420B-FC3F-4C52-BF78-A9B4EA2BAC96}.Release|anycpu.Build.0 = Release|Any CPU
		{7C2A4A99-DA36-47AA-845B-EDFED70C79F0}.Debug|anycpu.ActiveCfg = Debug|Any CPU
		{7C2A4A99-DA36-47AA-845B-EDFED70C79F0}.Debug|anycpu.Build.0 = Debug|Any CPU
		{7C2A4A99-DA36-47AA-845B-EDFED70C79F0}.Release|anycpu.ActiveCfg = Release|Any CPU
		{7C2A4A99-DA36-47AA-845B-EDFED70C79F0}.Release|anycpu.Build.0 = Release|Any CPU
		{C6AAC49B-2A96-4C2C-89B5-F8EFCD5FD2BF}.Debug|anycpu.ActiveCfg = Debug|Any CPU
		{C6AAC49B-2A96-4C2C-89B5-F8EFCD5FD2BF}.Debug|anycpu.Build.0 = Debug|Any CPU
		{C6AAC49B-2A96-4C2C-89B5-F8EFCD5FD2BF}.Release|anycpu.ActiveCfg = Release|Any CPU
		{C6AAC49B-2A96-4C2C-89B5-F8EFCD5FD2BF}.Release|anycpu.Build.0 = Release|Any CPU
		{5C72D8B0-E10C-473D-93A5-5CFC924908A9}.Debug|anycpu.ActiveCfg = Debug|Any CPU
		{5C72D8B0-E10C-473D-93A5-5CFC924908A9}.Debug|anycpu.Build.0 = Debug|Any CPU
		{5C72D8B0-E10C-473D-93A5-5CFC924908A9}.Release|anycpu.ActiveCfg = Release|Any CPU
		{5C72D8B0-E10C-473D-93A5-5CFC924908A9}.Release|anycpu.Build.0 = Release|Any CPU
		{76C258EC-6F09-4E94-9BBE-3EA4EC175C87}.Debug|anycpu.ActiveCfg = Debug|Any CPU
		{76C258EC-6F09-4E94-9BBE-3EA4EC175C87}.Debug|anycpu.Build.0 = Debug|Any CPU
		{76C258EC-6F09-4E94-9BBE-3EA4EC175C87}.Release|anycpu.ActiveCfg = Release|Any CPU
		{76C258EC-6F09-4E94-9BBE-3EA4EC175C87}.Release|anycpu.Build.0 = Release|Any CPU
		{30332574-D1E3-4D9E-A520-412784902B4B}.Debug|anycpu.ActiveCfg = Debug|Any CPU
		{30332574-D1E3-4D9E-A520-412784902B4B}.Debug|anycpu.Build.0 = Debug|Any CPU
		{30332574-D1E3-4D9E-A520-412784902B4B}.Release|anycpu.ActiveCfg = Release|Any CPU
		{30332574-D1E3-4D9E-A520-412784902B4B}.Release|anycpu.Build.0 = Release|Any CPU
		{F370E6FC-5D21-417A-8AA3-53A0E86A266A}.Debug|anycpu.ActiveCfg = Debug|Any CPU
		{F370E6FC-5D21-417A-8AA3-53A0E86A266A}.Debug|anycpu.Build.0 = Debug|Any CPU
		{F370E6FC-5D21-417A-8AA3-53A0E86A266A}.Release|anycpu.ActiveCfg = Release|Any CPU
		{F370E6FC-5D21-417A-8AA3-53A0E86A266A}.Release|anycpu.Build.0 = Release|Any CPU
		{250E03FF-BF05-406B-A5B7-E43043CA81A7}.Debug|anycpu.ActiveCfg = Debug|Any CPU
		{250E03FF-BF05-406B-A5B7-E43043CA81A7}.Debug|anycpu.Build.0 = Debug|Any CPU
		{250E03FF-BF05-406B-A5B7-E43043CA81A7}.Release|anycpu.ActiveCfg = Release|Any CPU
		{250E03FF-BF05-406B-A5B7-E43043CA81A7}.Release|anycpu.Build.0 = Release|Any CPU
		{40C8EB5C-3343-4D92-9EB6-8C815A5BEACE}.Debug|anycpu.ActiveCfg = Debug|Any CPU
		{40C8EB5C-3343-4D92-9EB6-8C815A5BEACE}.Debug|anycpu.Build.0 = Debug|Any CPU
		{40C8EB5C-3343-4D92-9EB6-8C815A5BEACE}.Release|anycpu.ActiveCfg = Release|Any CPU
		{40C8EB5C-3343-4D92-9EB6-8C815A5BEACE}.Release|anycpu.Build.0 = Release|Any CPU
		{EA5E6B56-77FA-4C05-B669-641E97AD4C7A}.Debug|anycpu.ActiveCfg = Debug|Any CPU
		{EA5E6B56-77FA-4C05-B669-641E97AD4C7A}.Debug|anycpu.Build.0 = Debug|Any CPU
		{EA5E6B56-77FA-4C05-B669-641E97AD4C7A}.Release|anycpu.ActiveCfg = Release|Any CPU
		{EA5E6B56-77FA-4C05-B669-641E97AD4C7A}.Release|anycpu.Build.0 = Release|Any CPU
	EndGlobalSection
	GlobalSection(SolutionProperties) = preSolution
		HideSolutionNode = FALSE
	EndGlobalSection
	GlobalSection(NestedProjects) = preSolution
		{55DF6F02-074F-47AD-949C-E826AA9A2194} = {23C100F1-CA5E-4140-A151-EEB88EEE8088}
		{780EFE28-1BAB-4213-AFBF-F85E25C3BD69} = {23C100F1-CA5E-4140-A151-EEB88EEE8088}
		{3F4481E8-5537-4725-A9EF-6403EBCAC1B9} = {23C100F1-CA5E-4140-A151-EEB88EEE8088}
		{C9E4E71C-354B-4A95-A5F5-0E7698EA476A} = {22F47278-5B68-43EE-8296-F1B462D51FDE}
		{66D5B4EE-FD5B-4D1E-90F2-9B97F9AD4EBE} = {22F47278-5B68-43EE-8296-F1B462D51FDE}
		{64AA5951-60C5-42D1-8A52-94F5CC91B6D1} = {22F47278-5B68-43EE-8296-F1B462D51FDE}
		{5387236D-436B-4DDA-80A2-25BBA706D15E} = {6CDA55EA-2D69-4A51-8077-6844F19EE426}
		{4EC4E74A-6768-468D-BC92-9552B0A09C9B} = {6CDA55EA-2D69-4A51-8077-6844F19EE426}
		{E57AD5C8-F8BB-430C-B679-7768670F039F} = {6CDA55EA-2D69-4A51-8077-6844F19EE426}
		{6FA0A0AF-8A32-46F2-8AC0-7A92BDADC864} = {A09E902F-2066-4062-9048-83EBFFF804BE}
		{1891F8D4-CF18-4895-B374-0C4115C238F1} = {A09E902F-2066-4062-9048-83EBFFF804BE}
		{CB73420B-FC3F-4C52-BF78-A9B4EA2BAC96} = {A09E902F-2066-4062-9048-83EBFFF804BE}
		{7C2A4A99-DA36-47AA-845B-EDFED70C79F0} = {327B4F79-0111-4AFA-988F-3AFACB63F1B2}
		{C6AAC49B-2A96-4C2C-89B5-F8EFCD5FD2BF} = {327B4F79-0111-4AFA-988F-3AFACB63F1B2}
		{5C72D8B0-E10C-473D-93A5-5CFC924908A9} = {327B4F79-0111-4AFA-988F-3AFACB63F1B2}
		{76C258EC-6F09-4E94-9BBE-3EA4EC175C87} = {2B7F07B0-7646-4AC9-AD44-D3C6EC5096DC}
		{30332574-D1E3-4D9E-A520-412784902B4B} = {2B7F07B0-7646-4AC9-AD44-D3C6EC5096DC}
		{F370E6FC-5D21-417A-8AA3-53A0E86A266A} = {2B7F07B0-7646-4AC9-AD44-D3C6EC5096DC}
		{250E03FF-BF05-406B-A5B7-E43043CA81A7} = {524FF4D6-CF55-4EE7-8ACF-D441A97BA46C}
		{40C8EB5C-3343-4D92-9EB6-8C815A5BEACE} = {524FF4D6-CF55-4EE7-8ACF-D441A97BA46C}
		{EA5E6B56-77FA-4C05-B669-641E97AD4C7A} = {524FF4D6-CF55-4EE7-8ACF-D441A97BA46C}
	EndGlobalSection
	GlobalSection(ExtensibilityGlobals) = postSolution
		SolutionGuid = {0905414D-8184-40D2-AAA3-E380C381FC33}
	EndGlobalSection
EndGlobal
