Microsoft Visual Studio Solution File, Format Version 12.00
# Visual Studio Version 16
VisualStudioVersion = 16.0.30002.166
MinimumVisualStudioVersion = 10.0.40219.1
Project("{2150E333-8FDC-42A3-9474-1A3956D46DE8}") = "Basic", "Basic", "{22F47278-5B68-43EE-8296-F1B462D51FDE}"
EndProject
Project("{2150E333-8FDC-42A3-9474-1A3956D46DE8}") = "Zoo", "Zoo", "{6CDA55EA-2D69-4A51-8077-6844F19EE426}"
EndProject
Project("{2150E333-8FDC-42A3-9474-1A3956D46DE8}") = "Store", "Store", "{A09E902F-2066-4062-9048-83EBFFF804BE}"
EndProject
Project("{2150E333-8FDC-42A3-9474-1A3956D46DE8}") = "CashMachine", "CashMachine", "{327B4F79-0111-4AFA-988F-3AFACB63F1B2}"
EndProject
Project("{2150E333-8FDC-42A3-9474-1A3956D46DE8}") = "StoreCashBoxes", "StoreCashBoxes", "{2B7F07B0-7646-4AC9-AD44-D3C6EC5096DC}"
EndProject
Project("{2150E333-8FDC-42A3-9474-1A3956D46DE8}") = "FitnessTracker", "FitnessTracker", "{524FF4D6-CF55-4EE7-8ACF-D441A97BA46C}"
EndProject
Project("{FAE04EC0-301F-11D3-BF4B-00C04F79EFBC}") = "StoreCashBoxesTests", "tests\StoreCashBoxesTests\StoreCashBoxesTests.csproj", "{B956370B-FB3D-42EF-8B85-439B3032B00A}"
EndProject
Project("{FAE04EC0-301F-11D3-BF4B-00C04F79EFBC}") = "SimpleCalc", "src\SimpleCalc\SimpleCalc.csproj", "{115B5787-DEAA-439E-BFA8-EF302449DDF0}"
EndProject
Project("{FAE04EC0-301F-11D3-BF4B-00C04F79EFBC}") = "SimpleCalendar", "src\SimpleCalendar\SimpleCalendar.csproj", "{4BEFCF8D-2ADD-4CED-B3CB-DFB59FF86B22}"
EndProject
Project("{9344BDBB-3E7F-41FC-A0DD-8665D75EE146}") = "SimpleZoo", "src\SimpleZoo\SimpleZoo\SimpleZoo.csproj", "{01636ED9-9E59-465D-9522-0A22AFFC66C2}"
EndProject
Project("{9344BDBB-3E7F-41FC-A0DD-8665D75EE146}") = "SimpleZooApp", "src\SimpleZoo\SimpleZooApp\SimpleZooApp.csproj", "{A76B87F2-6004-41F0-973F-7C30E3FDBA25}"
EndProject
Project("{9344BDBB-3E7F-41FC-A0DD-8665D75EE146}") = "SimpleZooTests", "tests\SimpleZooTests\SimpleZooTests.csproj", "{9B95BAA1-0126-46E6-B5B0-BD5A23263D85}"
EndProject
Project("{9344BDBB-3E7F-41FC-A0DD-8665D75EE146}") = "SimpleStore", "src\SimpleStore\SimpleStore\SimpleStore.csproj", "{7525622A-8688-4E32-BDAF-1F6EBDE764C4}"
EndProject
Project("{9344BDBB-3E7F-41FC-A0DD-8665D75EE146}") = "SimpleStoreApp", "src\SimpleStore\SimpleStoreApp\SimpleStoreApp.csproj", "{B39C1B7A-2C72-44DC-A9ED-1D8BD27C7CC9}"
EndProject
Project("{9344BDBB-3E7F-41FC-A0DD-8665D75EE146}") = "SimpleStoreTests", "tests\SimpleStoreTests\SimpleStoreTests.csproj", "{1325616E-A5DC-47B1-8B9F-A8085F572CB9}"
EndProject
Project("{9344BDBB-3E7F-41FC-A0DD-8665D75EE146}") = "SimpleCashMachineApp", "src\SimpleCashMachine\SimpleCashMachineApp\SimpleCashMachineApp.csproj", "{ED5370A0-AE5B-4E97-919C-66591F811E6E}"
EndProject
Project("{9344BDBB-3E7F-41FC-A0DD-8665D75EE146}") = "SimpleCashMachine", "src\SimpleCashMachine\SimpleCashMachine\SimpleCashMachine.csproj", "{6D1AD125-D13C-48FC-9A70-A1FF51FDAF44}"
EndProject
Project("{9344BDBB-3E7F-41FC-A0DD-8665D75EE146}") = "SimpleCashMachineTests", "tests\SimpleCashMachineTests\SimpleCashMachineTests.csproj", "{7D3EEB24-F8C8-43B6-84DF-715F6A8AE5F7}"
EndProject
Project("{FAE04EC0-301F-11D3-BF4B-00C04F79EFBC}") = "StoreCashBoxesApp", "src\StoreCashBoxes\StoreCashBoxesApp\StoreCashBoxesApp.csproj", "{3EABDCE4-46C2-4008-AA68-DF8D21B5B57B}"
EndProject
Project("{FAE04EC0-301F-11D3-BF4B-00C04F79EFBC}") = "StoreCashBoxes", "src\StoreCashBoxes\StoreCashBoxes\StoreCashBoxes.csproj", "{DEE466EF-BA2F-4AB2-9908-4B583468A4F1}"
EndProject
Project("{9344BDBB-3E7F-41FC-A0DD-8665D75EE146}") = "FitnessTrackerApp", "src\FitnessTracker\FitnessTrackerApp\FitnessTrackerApp.csproj", "{086512AC-4E0B-410D-8DCE-0DD6D8A2D193}"
EndProject
Project("{9344BDBB-3E7F-41FC-A0DD-8665D75EE146}") = "FitnessTracker", "src\FitnessTracker\FintessTracker\FitnessTracker.csproj", "{7A3AD726-AADB-4BB9-9DE7-64DC8217130F}"
EndProject
Project("{9344BDBB-3E7F-41FC-A0DD-8665D75EE146}") = "FitnessTrackerTests", "tests\FitnessTrackerTests\FitnessTrackerTests.csproj", "{9E8E6874-5AB0-40EC-A142-99B331E801E2}"
EndProject
Project("{FAE04EC0-301F-11D3-BF4B-00C04F79EFBC}") = "HelloWorld", "src\HelloWorld\HelloWorld.csproj", "{525E5B11-0955-4E9F-8D23-A4C99B37AF7D}"
EndProject
Global
	GlobalSection(SolutionConfigurationPlatforms) = preSolution
		Debug|anycpu = Debug|anycpu
		Release|anycpu = Release|anycpu
	EndGlobalSection
	GlobalSection(ProjectConfigurationPlatforms) = postSolution
		{B956370B-FB3D-42EF-8B85-439B3032B00A}.Debug|anycpu.ActiveCfg = Debug|Any CPU
		{B956370B-FB3D-42EF-8B85-439B3032B00A}.Debug|anycpu.Build.0 = Debug|Any CPU
		{B956370B-FB3D-42EF-8B85-439B3032B00A}.Release|anycpu.ActiveCfg = Release|Any CPU
		{B956370B-FB3D-42EF-8B85-439B3032B00A}.Release|anycpu.Build.0 = Release|Any CPU
		{115B5787-DEAA-439E-BFA8-EF302449DDF0}.Debug|anycpu.ActiveCfg = Debug|Any CPU
		{115B5787-DEAA-439E-BFA8-EF302449DDF0}.Debug|anycpu.Build.0 = Debug|Any CPU
		{115B5787-DEAA-439E-BFA8-EF302449DDF0}.Release|anycpu.ActiveCfg = Release|Any CPU
		{115B5787-DEAA-439E-BFA8-EF302449DDF0}.Release|anycpu.Build.0 = Release|Any CPU
		{4BEFCF8D-2ADD-4CED-B3CB-DFB59FF86B22}.Debug|anycpu.ActiveCfg = Debug|Any CPU
		{4BEFCF8D-2ADD-4CED-B3CB-DFB59FF86B22}.Debug|anycpu.Build.0 = Debug|Any CPU
		{4BEFCF8D-2ADD-4CED-B3CB-DFB59FF86B22}.Release|anycpu.ActiveCfg = Release|Any CPU
		{4BEFCF8D-2ADD-4CED-B3CB-DFB59FF86B22}.Release|anycpu.Build.0 = Release|Any CPU
		{01636ED9-9E59-465D-9522-0A22AFFC66C2}.Debug|anycpu.ActiveCfg = Debug|Any CPU
		{01636ED9-9E59-465D-9522-0A22AFFC66C2}.Debug|anycpu.Build.0 = Debug|Any CPU
		{01636ED9-9E59-465D-9522-0A22AFFC66C2}.Release|anycpu.ActiveCfg = Release|Any CPU
		{01636ED9-9E59-465D-9522-0A22AFFC66C2}.Release|anycpu.Build.0 = Release|Any CPU
		{A76B87F2-6004-41F0-973F-7C30E3FDBA25}.Debug|anycpu.ActiveCfg = Debug|Any CPU
		{A76B87F2-6004-41F0-973F-7C30E3FDBA25}.Debug|anycpu.Build.0 = Debug|Any CPU
		{A76B87F2-6004-41F0-973F-7C30E3FDBA25}.Release|anycpu.ActiveCfg = Release|Any CPU
		{A76B87F2-6004-41F0-973F-7C30E3FDBA25}.Release|anycpu.Build.0 = Release|Any CPU
		{9B95BAA1-0126-46E6-B5B0-BD5A23263D85}.Debug|anycpu.ActiveCfg = Debug|Any CPU
		{9B95BAA1-0126-46E6-B5B0-BD5A23263D85}.Debug|anycpu.Build.0 = Debug|Any CPU
		{9B95BAA1-0126-46E6-B5B0-BD5A23263D85}.Release|anycpu.ActiveCfg = Release|Any CPU
		{9B95BAA1-0126-46E6-B5B0-BD5A23263D85}.Release|anycpu.Build.0 = Release|Any CPU
		{7525622A-8688-4E32-BDAF-1F6EBDE764C4}.Debug|anycpu.ActiveCfg = Debug|Any CPU
		{7525622A-8688-4E32-BDAF-1F6EBDE764C4}.Debug|anycpu.Build.0 = Debug|Any CPU
		{7525622A-8688-4E32-BDAF-1F6EBDE764C4}.Release|anycpu.ActiveCfg = Release|Any CPU
		{7525622A-8688-4E32-BDAF-1F6EBDE764C4}.Release|anycpu.Build.0 = Release|Any CPU
		{B39C1B7A-2C72-44DC-A9ED-1D8BD27C7CC9}.Debug|anycpu.ActiveCfg = Debug|Any CPU
		{B39C1B7A-2C72-44DC-A9ED-1D8BD27C7CC9}.Debug|anycpu.Build.0 = Debug|Any CPU
		{B39C1B7A-2C72-44DC-A9ED-1D8BD27C7CC9}.Release|anycpu.ActiveCfg = Release|Any CPU
		{B39C1B7A-2C72-44DC-A9ED-1D8BD27C7CC9}.Release|anycpu.Build.0 = Release|Any CPU
		{1325616E-A5DC-47B1-8B9F-A8085F572CB9}.Debug|anycpu.ActiveCfg = Debug|Any CPU
		{1325616E-A5DC-47B1-8B9F-A8085F572CB9}.Debug|anycpu.Build.0 = Debug|Any CPU
		{1325616E-A5DC-47B1-8B9F-A8085F572CB9}.Release|anycpu.ActiveCfg = Release|Any CPU
		{1325616E-A5DC-47B1-8B9F-A8085F572CB9}.Release|anycpu.Build.0 = Release|Any CPU
		{ED5370A0-AE5B-4E97-919C-66591F811E6E}.Debug|anycpu.ActiveCfg = Debug|Any CPU
		{ED5370A0-AE5B-4E97-919C-66591F811E6E}.Debug|anycpu.Build.0 = Debug|Any CPU
		{ED5370A0-AE5B-4E97-919C-66591F811E6E}.Release|anycpu.ActiveCfg = Release|Any CPU
		{ED5370A0-AE5B-4E97-919C-66591F811E6E}.Release|anycpu.Build.0 = Release|Any CPU
		{6D1AD125-D13C-48FC-9A70-A1FF51FDAF44}.Debug|anycpu.ActiveCfg = Debug|Any CPU
		{6D1AD125-D13C-48FC-9A70-A1FF51FDAF44}.Debug|anycpu.Build.0 = Debug|Any CPU
		{6D1AD125-D13C-48FC-9A70-A1FF51FDAF44}.Release|anycpu.ActiveCfg = Release|Any CPU
		{6D1AD125-D13C-48FC-9A70-A1FF51FDAF44}.Release|anycpu.Build.0 = Release|Any CPU
		{7D3EEB24-F8C8-43B6-84DF-715F6A8AE5F7}.Debug|anycpu.ActiveCfg = Debug|Any CPU
		{7D3EEB24-F8C8-43B6-84DF-715F6A8AE5F7}.Debug|anycpu.Build.0 = Debug|Any CPU
		{7D3EEB24-F8C8-43B6-84DF-715F6A8AE5F7}.Release|anycpu.ActiveCfg = Release|Any CPU
		{7D3EEB24-F8C8-43B6-84DF-715F6A8AE5F7}.Release|anycpu.Build.0 = Release|Any CPU
		{3EABDCE4-46C2-4008-AA68-DF8D21B5B57B}.Debug|anycpu.ActiveCfg = Debug|Any CPU
		{3EABDCE4-46C2-4008-AA68-DF8D21B5B57B}.Debug|anycpu.Build.0 = Debug|Any CPU
		{3EABDCE4-46C2-4008-AA68-DF8D21B5B57B}.Release|anycpu.ActiveCfg = Release|Any CPU
		{3EABDCE4-46C2-4008-AA68-DF8D21B5B57B}.Release|anycpu.Build.0 = Release|Any CPU
		{DEE466EF-BA2F-4AB2-9908-4B583468A4F1}.Debug|anycpu.ActiveCfg = Debug|Any CPU
		{DEE466EF-BA2F-4AB2-9908-4B583468A4F1}.Debug|anycpu.Build.0 = Debug|Any CPU
		{DEE466EF-BA2F-4AB2-9908-4B583468A4F1}.Release|anycpu.ActiveCfg = Release|Any CPU
		{DEE466EF-BA2F-4AB2-9908-4B583468A4F1}.Release|anycpu.Build.0 = Release|Any CPU
		{086512AC-4E0B-410D-8DCE-0DD6D8A2D193}.Debug|anycpu.ActiveCfg = Debug|Any CPU
		{086512AC-4E0B-410D-8DCE-0DD6D8A2D193}.Debug|anycpu.Build.0 = Debug|Any CPU
		{086512AC-4E0B-410D-8DCE-0DD6D8A2D193}.Release|anycpu.ActiveCfg = Release|Any CPU
		{086512AC-4E0B-410D-8DCE-0DD6D8A2D193}.Release|anycpu.Build.0 = Release|Any CPU
		{7A3AD726-AADB-4BB9-9DE7-64DC8217130F}.Debug|anycpu.ActiveCfg = Debug|Any CPU
		{7A3AD726-AADB-4BB9-9DE7-64DC8217130F}.Debug|anycpu.Build.0 = Debug|Any CPU
		{7A3AD726-AADB-4BB9-9DE7-64DC8217130F}.Release|anycpu.ActiveCfg = Release|Any CPU
		{7A3AD726-AADB-4BB9-9DE7-64DC8217130F}.Release|anycpu.Build.0 = Release|Any CPU
		{9E8E6874-5AB0-40EC-A142-99B331E801E2}.Debug|anycpu.ActiveCfg = Debug|Any CPU
		{9E8E6874-5AB0-40EC-A142-99B331E801E2}.Debug|anycpu.Build.0 = Debug|Any CPU
		{9E8E6874-5AB0-40EC-A142-99B331E801E2}.Release|anycpu.ActiveCfg = Release|Any CPU
		{9E8E6874-5AB0-40EC-A142-99B331E801E2}.Release|anycpu.Build.0 = Release|Any CPU
		{525E5B11-0955-4E9F-8D23-A4C99B37AF7D}.Debug|anycpu.ActiveCfg = Debug|Any CPU
		{525E5B11-0955-4E9F-8D23-A4C99B37AF7D}.Debug|anycpu.Build.0 = Debug|Any CPU
		{525E5B11-0955-4E9F-8D23-A4C99B37AF7D}.Release|anycpu.ActiveCfg = Release|Any CPU
		{525E5B11-0955-4E9F-8D23-A4C99B37AF7D}.Release|anycpu.Build.0 = Release|Any CPU
	EndGlobalSection
	GlobalSection(SolutionProperties) = preSolution
		HideSolutionNode = FALSE
	EndGlobalSection
	GlobalSection(NestedProjects) = preSolution
		{B956370B-FB3D-42EF-8B85-439B3032B00A} = {2B7F07B0-7646-4AC9-AD44-D3C6EC5096DC}
		{115B5787-DEAA-439E-BFA8-EF302449DDF0} = {22F47278-5B68-43EE-8296-F1B462D51FDE}
		{4BEFCF8D-2ADD-4CED-B3CB-DFB59FF86B22} = {22F47278-5B68-43EE-8296-F1B462D51FDE}
		{01636ED9-9E59-465D-9522-0A22AFFC66C2} = {6CDA55EA-2D69-4A51-8077-6844F19EE426}
		{A76B87F2-6004-41F0-973F-7C30E3FDBA25} = {6CDA55EA-2D69-4A51-8077-6844F19EE426}
		{9B95BAA1-0126-46E6-B5B0-BD5A23263D85} = {6CDA55EA-2D69-4A51-8077-6844F19EE426}
		{7525622A-8688-4E32-BDAF-1F6EBDE764C4} = {A09E902F-2066-4062-9048-83EBFFF804BE}
		{B39C1B7A-2C72-44DC-A9ED-1D8BD27C7CC9} = {A09E902F-2066-4062-9048-83EBFFF804BE}
		{1325616E-A5DC-47B1-8B9F-A8085F572CB9} = {A09E902F-2066-4062-9048-83EBFFF804BE}
		{ED5370A0-AE5B-4E97-919C-66591F811E6E} = {327B4F79-0111-4AFA-988F-3AFACB63F1B2}
		{6D1AD125-D13C-48FC-9A70-A1FF51FDAF44} = {327B4F79-0111-4AFA-988F-3AFACB63F1B2}
		{7D3EEB24-F8C8-43B6-84DF-715F6A8AE5F7} = {327B4F79-0111-4AFA-988F-3AFACB63F1B2}
		{3EABDCE4-46C2-4008-AA68-DF8D21B5B57B} = {2B7F07B0-7646-4AC9-AD44-D3C6EC5096DC}
		{DEE466EF-BA2F-4AB2-9908-4B583468A4F1} = {2B7F07B0-7646-4AC9-AD44-D3C6EC5096DC}
		{086512AC-4E0B-410D-8DCE-0DD6D8A2D193} = {524FF4D6-CF55-4EE7-8ACF-D441A97BA46C}
		{7A3AD726-AADB-4BB9-9DE7-64DC8217130F} = {524FF4D6-CF55-4EE7-8ACF-D441A97BA46C}
		{9E8E6874-5AB0-40EC-A142-99B331E801E2} = {524FF4D6-CF55-4EE7-8ACF-D441A97BA46C}
		{525E5B11-0955-4E9F-8D23-A4C99B37AF7D} = {22F47278-5B68-43EE-8296-F1B462D51FDE}
	EndGlobalSection
	GlobalSection(ExtensibilityGlobals) = postSolution
		SolutionGuid = {0905414D-8184-40D2-AAA3-E380C381FC33}
	EndGlobalSection
EndGlobal
